
Microsoft Visual Studio Solution File, Format Version 12.00
# Visual Studio Version 17
VisualStudioVersion = 17.14.36301.6 d17.14
MinimumVisualStudioVersion = 10.0.40219.1
Project("{54A90642-561A-4BB1-A94E-469ADEE60C69}") = "eau-student-portal.client", "eau-student-portal.client\eau-student-portal.client.esproj", "{48913C7A-1E7D-3885-0AD5-60291CA7A4FE}"
EndProject
Project("{FAE04EC0-301F-11D3-BF4B-00C04F79EFBC}") = "eau-student-portal.Server", "eau-student-portal.Server\eau-student-portal.Server.csproj", "{2589EE50-521F-41A6-9DFF-141CE01F085A}"
EndProject
Global
	GlobalSection(SolutionConfigurationPlatforms) = preSolution
		Debug|Any CPU = Debug|Any CPU
		Release|Any CPU = Release|Any CPU
	EndGlobalSection
	GlobalSection(ProjectConfigurationPlatforms) = postSolution
		{48913C7A-1E7D-3885-0AD5-60291CA7A4FE}.Debug|Any CPU.ActiveCfg = Debug|Any CPU
		{48913C7A-1E7D-3885-0AD5-60291CA7A4FE}.Debug|Any CPU.Build.0 = Debug|Any CPU
		{48913C7A-1E7D-3885-0AD5-60291CA7A4FE}.Debug|Any CPU.Deploy.0 = Debug|Any CPU
		{48913C7A-1E7D-3885-0AD5-60291CA7A4FE}.Release|Any CPU.ActiveCfg = Release|Any CPU
		{48913C7A-1E7D-3885-0AD5-60291CA7A4FE}.Release|Any CPU.Build.0 = Release|Any CPU
		{48913C7A-1E7D-3885-0AD5-60291CA7A4FE}.Release|Any CPU.Deploy.0 = Release|Any CPU
		{2589EE50-521F-41A6-9DFF-141CE01F085A}.Debug|Any CPU.ActiveCfg = Debug|Any CPU
		{2589EE50-521F-41A6-9DFF-141CE01F085A}.Debug|Any CPU.Build.0 = Debug|Any CPU
		{2589EE50-521F-41A6-9DFF-141CE01F085A}.Release|Any CPU.ActiveCfg = Release|Any CPU
		{2589EE50-521F-41A6-9DFF-141CE01F085A}.Release|Any CPU.Build.0 = Release|Any CPU
	EndGlobalSection
	GlobalSection(SolutionProperties) = preSolution
		HideSolutionNode = FALSE
	EndGlobalSection
	GlobalSection(ExtensibilityGlobals) = postSolution
		SolutionGuid = {B64DC584-89BD-40ED-A2C1-C5582FB5E847}
	EndGlobalSection
EndGlobal
